{
  "name": "sign_language_recognition",
  "lockfileVersion": 2,
  "requires": true,
  "packages": {
    "": {
      "dependencies": {
        "connect-history-api-fallback": "^2.0.0"
      }
    },
    "node_modules/connect-history-api-fallback": {
      "version": "2.0.0",
      "resolved": "https://registry.npmjs.org/connect-history-api-fallback/-/connect-history-api-fallback-2.0.0.tgz",
      "integrity": "sha512-U73+6lQFmfiNPrYbXqr6kZ1i1wiRqXnp2nhMsINseWXO8lDau0LGEffJ8kQi4EjLZympVgRdvqjAgiZ1tgzDDA==",
      "engines": {
        "node": ">=0.8"
      }
    }
  },
  "dependencies": {
    "connect-history-api-fallback": {
      "version": "2.0.0",
      "resolved": "https://registry.npmjs.org/connect-history-api-fallback/-/connect-history-api-fallback-2.0.0.tgz",
      "integrity": "sha512-U73+6lQFmfiNPrYbXqr6kZ1i1wiRqXnp2nhMsINseWXO8lDau0LGEffJ8kQi4EjLZympVgRdvqjAgiZ1tgzDDA=="
    }
  }
}
